// !$*UTF8*$!
{
	archiveVersion = 1;
	classes = {
	};
	objectVersion = 56;
	objects = {

/* Begin PBXBuildFile section */
		221CE3972CFDB24C00953CBB /* TableViewController.swift in Sources */ = {isa = PBXBuildFile; fileRef = 221CE3962CFDB24C00953CBB /* TableViewController.swift */; };
		224337F12D06152300752919 /* Grabber.png in Resources */ = {isa = PBXBuildFile; fileRef = 224337F02D06152200752919 /* Grabber.png */; };
		224337F32D070F2800752919 /* SharedData.swift in Sources */ = {isa = PBXBuildFile; fileRef = 224337F22D070F2700752919 /* SharedData.swift */; };
		224337F52D0AD0AB00752919 /* apple.png in Resources */ = {isa = PBXBuildFile; fileRef = 224337F42D0AD0AB00752919 /* apple.png */; };
		2272FBC02CF790EF000A70C6 /* HistoryViewController.swift in Sources */ = {isa = PBXBuildFile; fileRef = 2272FBBF2CF790EF000A70C6 /* HistoryViewController.swift */; };
		22A4F03B2CEDE0F8008284ED /* AppDelegate.swift in Sources */ = {isa = PBXBuildFile; fileRef = 22A4F03A2CEDE0F8008284ED /* AppDelegate.swift */; };
		22A4F03D2CEDE0F8008284ED /* SceneDelegate.swift in Sources */ = {isa = PBXBuildFile; fileRef = 22A4F03C2CEDE0F8008284ED /* SceneDelegate.swift */; };
		22A4F0422CEDE0F8008284ED /* Main.storyboard in Resources */ = {isa = PBXBuildFile; fileRef = 22A4F0402CEDE0F8008284ED /* Main.storyboard */; };
		22A4F0442CEDE100008284ED /* Assets.xcassets in Resources */ = {isa = PBXBuildFile; fileRef = 22A4F0432CEDE100008284ED /* Assets.xcassets */; };
		22A4F0472CEDE100008284ED /* LaunchScreen.storyboard in Resources */ = {isa = PBXBuildFile; fileRef = 22A4F0452CEDE100008284ED /* LaunchScreen.storyboard */; };
		22A4F0542CEDFBAA008284ED /* ViewController.swift in Sources */ = {isa = PBXBuildFile; fileRef = 22A4F0532CEDFBAA008284ED /* ViewController.swift */; };
/* End PBXBuildFile section */

/* Begin PBXFileReference section */
		221CE3962CFDB24C00953CBB /* TableViewController.swift */ = {isa = PBXFileReference; lastKnownFileType = sourcecode.swift; path = TableViewController.swift; sourceTree = "<group>"; };
		224337F02D06152200752919 /* Grabber.png */ = {isa = PBXFileReference; lastKnownFileType = image.png; path = Grabber.png; sourceTree = "<group>"; };
		224337F22D070F2700752919 /* SharedData.swift */ = {isa = PBXFileReference; lastKnownFileType = sourcecode.swift; path = SharedData.swift; sourceTree = "<group>"; };
		224337F42D0AD0AB00752919 /* apple.png */ = {isa = PBXFileReference; lastKnownFileType = image.png; path = apple.png; sourceTree = "<group>"; };
		2272FBBF2CF790EF000A70C6 /* HistoryViewController.swift */ = {isa = PBXFileReference; lastKnownFileType = sourcecode.swift; path = HistoryViewController.swift; sourceTree = "<group>"; };
		22A4F0372CEDE0F8008284ED /* CalculatorApp.app */ = {isa = PBXFileReference; explicitFileType = wrapper.application; includeInIndex = 0; path = CalculatorApp.app; sourceTree = BUILT_PRODUCTS_DIR; };
		22A4F03A2CEDE0F8008284ED /* AppDelegate.swift */ = {isa = PBXFileReference; lastKnownFileType = sourcecode.swift; path = AppDelegate.swift; sourceTree = "<group>"; };
		22A4F03C2CEDE0F8008284ED /* SceneDelegate.swift */ = {isa = PBXFileReference; lastKnownFileType = sourcecode.swift; path = SceneDelegate.swift; sourceTree = "<group>"; };
		22A4F0412CEDE0F8008284ED /* Base */ = {isa = PBXFileReference; lastKnownFileType = file.storyboard; name = Base; path = Base.lproj/Main.storyboard; sourceTree = "<group>"; };
		22A4F0432CEDE100008284ED /* Assets.xcassets */ = {isa = PBXFileReference; lastKnownFileType = folder.assetcatalog; path = Assets.xcassets; sourceTree = "<group>"; };
		22A4F0462CEDE100008284ED /* Base */ = {isa = PBXFileReference; lastKnownFileType = file.storyboard; name = Base; path = Base.lproj/LaunchScreen.storyboard; sourceTree = "<group>"; };
		22A4F0482CEDE100008284ED /* Info.plist */ = {isa = PBXFileReference; lastKnownFileType = text.plist.xml; path = Info.plist; sourceTree = "<group>"; };
		22A4F0532CEDFBAA008284ED /* ViewController.swift */ = {isa = PBXFileReference; lastKnownFileType = sourcecode.swift; path = ViewController.swift; sourceTree = "<group>"; };
/* End PBXFileReference section */

/* Begin PBXFrameworksBuildPhase section */
		22A4F0342CEDE0F8008284ED /* Frameworks */ = {
			isa = PBXFrameworksBuildPhase;
			buildActionMask = 2147483647;
			files = (
			);
			runOnlyForDeploymentPostprocessing = 0;
		};
/* End PBXFrameworksBuildPhase section */

/* Begin PBXGroup section */
		22A4F02E2CEDE0F8008284ED = {
			isa = PBXGroup;
			children = (
				22A4F0392CEDE0F8008284ED /* CalculatorApp */,
				22A4F0382CEDE0F8008284ED /* Products */,
			);
			sourceTree = "<group>";
		};
		22A4F0382CEDE0F8008284ED /* Products */ = {
			isa = PBXGroup;
			children = (
				22A4F0372CEDE0F8008284ED /* CalculatorApp.app */,
			);
			name = Products;
			sourceTree = "<group>";
		};
		22A4F0392CEDE0F8008284ED /* CalculatorApp */ = {
			isa = PBXGroup;
			children = (
				22A4F04E2CEDE242008284ED /* ViewControllers */,
				22A4F03A2CEDE0F8008284ED /* AppDelegate.swift */,
				22A4F03C2CEDE0F8008284ED /* SceneDelegate.swift */,
				22A4F0402CEDE0F8008284ED /* Main.storyboard */,
				22A4F0432CEDE100008284ED /* Assets.xcassets */,
				224337F42D0AD0AB00752919 /* apple.png */,
				224337F02D06152200752919 /* Grabber.png */,
				22A4F0452CEDE100008284ED /* LaunchScreen.storyboard */,
				22A4F0482CEDE100008284ED /* Info.plist */,
				224337F22D070F2700752919 /* SharedData.swift */,
			);
			path = CalculatorApp;
			sourceTree = "<group>";
		};
		22A4F04E2CEDE242008284ED /* ViewControllers */ = {
			isa = PBXGroup;
			children = (
				2272FBBF2CF790EF000A70C6 /* HistoryViewController.swift */,
				22A4F0532CEDFBAA008284ED /* ViewController.swift */,
				221CE3962CFDB24C00953CBB /* TableViewController.swift */,
			);
			path = ViewControllers;
			sourceTree = "<group>";
		};
/* End PBXGroup section */

/* Begin PBXNativeTarget section */
		22A4F0362CEDE0F8008284ED /* CalculatorApp */ = {
			isa = PBXNativeTarget;
			buildConfigurationList = 22A4F04B2CEDE100008284ED /* Build configuration list for PBXNativeTarget "CalculatorApp" */;
			buildPhases = (
				22A4F0332CEDE0F8008284ED /* Sources */,
				22A4F0342CEDE0F8008284ED /* Frameworks */,
				22A4F0352CEDE0F8008284ED /* Resources */,
			);
			buildRules = (
			);
			dependencies = (
			);
			name = CalculatorApp;
			productName = CalculatorApp;
			productReference = 22A4F0372CEDE0F8008284ED /* CalculatorApp.app */;
			productType = "com.apple.product-type.application";
		};
/* End PBXNativeTarget section */

/* Begin PBXProject section */
		22A4F02F2CEDE0F8008284ED /* Project object */ = {
			isa = PBXProject;
			attributes = {
				BuildIndependentTargetsInParallel = 1;
				LastSwiftUpdateCheck = 1420;
				LastUpgradeCheck = 1420;
				TargetAttributes = {
					22A4F0362CEDE0F8008284ED = {
						CreatedOnToolsVersion = 14.2;
					};
				};
			};
			buildConfigurationList = 22A4F0322CEDE0F8008284ED /* Build configuration list for PBXProject "CalculatorApp" */;
			compatibilityVersion = "Xcode 14.0";
			developmentRegion = en;
			hasScannedForEncodings = 0;
			knownRegions = (
				en,
				Base,
			);
			mainGroup = 22A4F02E2CEDE0F8008284ED;
			productRefGroup = 22A4F0382CEDE0F8008284ED /* Products */;
			projectDirPath = "";
			projectRoot = "";
			targets = (
				22A4F0362CEDE0F8008284ED /* CalculatorApp */,
			);
		};
/* End PBXProject section */

/* Begin PBXResourcesBuildPhase section */
		22A4F0352CEDE0F8008284ED /* Resources */ = {
			isa = PBXResourcesBuildPhase;
			buildActionMask = 2147483647;
			files = (
				22A4F0472CEDE100008284ED /* LaunchScreen.storyboard in Resources */,
				22A4F0442CEDE100008284ED /* Assets.xcassets in Resources */,
				22A4F0422CEDE0F8008284ED /* Main.storyboard in Resources */,
				224337F12D06152300752919 /* Grabber.png in Resources */,
				224337F52D0AD0AB00752919 /* apple.png in Resources */,
			);
			runOnlyForDeploymentPostprocessing = 0;
		};
/* End PBXResourcesBuildPhase section */

/* Begin PBXSourcesBuildPhase section */
		22A4F0332CEDE0F8008284ED /* Sources */ = {
			isa = PBXSourcesBuildPhase;
			buildActionMask = 2147483647;
			files = (
				224337F32D070F2800752919 /* SharedData.swift in Sources */,
				22A4F0542CEDFBAA008284ED /* ViewController.swift in Sources */,
				22A4F03B2CEDE0F8008284ED /* AppDelegate.swift in Sources */,
				22A4F03D2CEDE0F8008284ED /* SceneDelegate.swift in Sources */,
				221CE3972CFDB24C00953CBB /* TableViewController.swift in Sources */,
				2272FBC02CF790EF000A70C6 /* HistoryViewController.swift in Sources */,
			);
			runOnlyForDeploymentPostprocessing = 0;
		};
/* End PBXSourcesBuildPhase section */

/* Begin PBXVariantGroup section */
		22A4F0402CEDE0F8008284ED /* Main.storyboard */ = {
			isa = PBXVariantGroup;
			children = (
				22A4F0412CEDE0F8008284ED /* Base */,
			);
			name = Main.storyboard;
			sourceTree = "<group>";
		};
		22A4F0452CEDE100008284ED /* LaunchScreen.storyboard */ = {
			isa = PBXVariantGroup;
			children = (
				22A4F0462CEDE100008284ED /* Base */,
			);
			name = LaunchScreen.storyboard;
			sourceTree = "<group>";
		};
/* End PBXVariantGroup section */

/* Begin XCBuildConfiguration section */
		22A4F0492CEDE100008284ED /* Debug */ = {
			isa = XCBuildConfiguration;
			buildSettings = {
				ALWAYS_SEARCH_USER_PATHS = NO;
				CLANG_ANALYZER_NONNULL = YES;
				CLANG_ANALYZER_NUMBER_OBJECT_CONVERSION = YES_AGGRESSIVE;
				CLANG_CXX_LANGUAGE_STANDARD = "gnu++20";
				CLANG_ENABLE_MODULES = YES;
				CLANG_ENABLE_OBJC_ARC = YES;
				CLANG_ENABLE_OBJC_WEAK = YES;
				CLANG_WARN_BLOCK_CAPTURE_AUTORELEASING = YES;
				CLANG_WARN_BOOL_CONVERSION = YES;
				CLANG_WARN_COMMA = YES;
				CLANG_WARN_CONSTANT_CONVERSION = YES;
				CLANG_WARN_DEPRECATED_OBJC_IMPLEMENTATIONS = YES;
				CLANG_WARN_DIRECT_OBJC_ISA_USAGE = YES_ERROR;
				CLANG_WARN_DOCUMENTATION_COMMENTS = YES;
				CLANG_WARN_EMPTY_BODY = YES;
				CLANG_WARN_ENUM_CONVERSION = YES;
				CLANG_WARN_INFINITE_RECURSION = YES;
				CLANG_WARN_INT_CONVERSION = YES;
				CLANG_WARN_NON_LITERAL_NULL_CONVERSION = YES;
				CLANG_WARN_OBJC_IMPLICIT_RETAIN_SELF = YES;
				CLANG_WARN_OBJC_LITERAL_CONVERSION = YES;
				CLANG_WARN_OBJC_ROOT_CLASS = YES_ERROR;
				CLANG_WARN_QUOTED_INCLUDE_IN_FRAMEWORK_HEADER = YES;
				CLANG_WARN_RANGE_LOOP_ANALYSIS = YES;
				CLANG_WARN_STRICT_PROTOTYPES = YES;
				CLANG_WARN_SUSPICIOUS_MOVE = YES;
				CLANG_WARN_UNGUARDED_AVAILABILITY = YES_AGGRESSIVE;
				CLANG_WARN_UNREACHABLE_CODE = YES;
				CLANG_WARN__DUPLICATE_METHOD_MATCH = YES;
				COPY_PHASE_STRIP = NO;
				DEBUG_INFORMATION_FORMAT = dwarf;
				ENABLE_STRICT_OBJC_MSGSEND = YES;
				ENABLE_TESTABILITY = YES;
				GCC_C_LANGUAGE_STANDARD = gnu11;
				GCC_DYNAMIC_NO_PIC = NO;
				GCC_NO_COMMON_BLOCKS = YES;
				GCC_OPTIMIZATION_LEVEL = 0;
				GCC_PREPROCESSOR_DEFINITIONS = (
					"DEBUG=1",
					"$(inherited)",
				);
				GCC_WARN_64_TO_32_BIT_CONVERSION = YES;
				GCC_WARN_ABOUT_RETURN_TYPE = YES_ERROR;
				GCC_WARN_UNDECLARED_SELECTOR = YES;
				GCC_WARN_UNINITIALIZED_AUTOS = YES_AGGRESSIVE;
				GCC_WARN_UNUSED_FUNCTION = YES;
				GCC_WARN_UNUSED_VARIABLE = YES;
				IPHONEOS_DEPLOYMENT_TARGET = 16.2;
				MTL_ENABLE_DEBUG_INFO = INCLUDE_SOURCE;
				MTL_FAST_MATH = YES;
				ONLY_ACTIVE_ARCH = YES;
				SDKROOT = iphoneos;
				SWIFT_ACTIVE_COMPILATION_CONDITIONS = DEBUG;
				SWIFT_OPTIMIZATION_LEVEL = "-Onone";
			};
			name = Debug;
		};
		22A4F04A2CEDE100008284ED /* Release */ = {
			isa = XCBuildConfiguration;
			buildSettings = {
				ALWAYS_SEARCH_USER_PATHS = NO;
				CLANG_ANALYZER_NONNULL = YES;
				CLANG_ANALYZER_NUMBER_OBJECT_CONVERSION = YES_AGGRESSIVE;
				CLANG_CXX_LANGUAGE_STANDARD = "gnu++20";
				CLANG_ENABLE_MODULES = YES;
				CLANG_ENABLE_OBJC_ARC = YES;
				CLANG_ENABLE_OBJC_WEAK = YES;
				CLANG_WARN_BLOCK_CAPTURE_AUTORELEASING = YES;
				CLANG_WARN_BOOL_CONVERSION = YES;
				CLANG_WARN_COMMA = YES;
				CLANG_WARN_CONSTANT_CONVERSION = YES;
				CLANG_WARN_DEPRECATED_OBJC_IMPLEMENTATIONS = YES;
				CLANG_WARN_DIRECT_OBJC_ISA_USAGE = YES_ERROR;
				CLANG_WARN_DOCUMENTATION_COMMENTS = YES;
				CLANG_WARN_EMPTY_BODY = YES;
				CLANG_WARN_ENUM_CONVERSION = YES;
				CLANG_WARN_INFINITE_RECURSION = YES;
				CLANG_WARN_INT_CONVERSION = YES;
				CLANG_WARN_NON_LITERAL_NULL_CONVERSION = YES;
				CLANG_WARN_OBJC_IMPLICIT_RETAIN_SELF = YES;
				CLANG_WARN_OBJC_LITERAL_CONVERSION = YES;
				CLANG_WARN_OBJC_ROOT_CLASS = YES_ERROR;
				CLANG_WARN_QUOTED_INCLUDE_IN_FRAMEWORK_HEADER = YES;
				CLANG_WARN_RANGE_LOOP_ANALYSIS = YES;
				CLANG_WARN_STRICT_PROTOTYPES = YES;
				CLANG_WARN_SUSPICIOUS_MOVE = YES;
				CLANG_WARN_UNGUARDED_AVAILABILITY = YES_AGGRESSIVE;
				CLANG_WARN_UNREACHABLE_CODE = YES;
				CLANG_WARN__DUPLICATE_METHOD_MATCH = YES;
				COPY_PHASE_STRIP = NO;
				DEBUG_INFORMATION_FORMAT = "dwarf-with-dsym";
				ENABLE_NS_ASSERTIONS = NO;
				ENABLE_STRICT_OBJC_MSGSEND = YES;
				GCC_C_LANGUAGE_STANDARD = gnu11;
				GCC_NO_COMMON_BLOCKS = YES;
				GCC_WARN_64_TO_32_BIT_CONVERSION = YES;
				GCC_WARN_ABOUT_RETURN_TYPE = YES_ERROR;
				GCC_WARN_UNDECLARED_SELECTOR = YES;
				GCC_WARN_UNINITIALIZED_AUTOS = YES_AGGRESSIVE;
				GCC_WARN_UNUSED_FUNCTION = YES;
				GCC_WARN_UNUSED_VARIABLE = YES;
				IPHONEOS_DEPLOYMENT_TARGET = 16.2;
				MTL_ENABLE_DEBUG_INFO = NO;
				MTL_FAST_MATH = YES;
				SDKROOT = iphoneos;
				SWIFT_COMPILATION_MODE = wholemodule;
				SWIFT_OPTIMIZATION_LEVEL = "-O";
				VALIDATE_PRODUCT = YES;
			};
			name = Release;
		};
		22A4F04C2CEDE100008284ED /* Debug */ = {
			isa = XCBuildConfiguration;
			buildSettings = {
				ASSETCATALOG_COMPILER_APPICON_NAME = AppIcon;
				ASSETCATALOG_COMPILER_GLOBAL_ACCENT_COLOR_NAME = AccentColor;
				CODE_SIGN_STYLE = Automatic;
				CURRENT_PROJECT_VERSION = 1;
				GENERATE_INFOPLIST_FILE = YES;
				INFOPLIST_FILE = CalculatorApp/Info.plist;
				INFOPLIST_KEY_UIApplicationSupportsIndirectInputEvents = YES;
				INFOPLIST_KEY_UILaunchStoryboardName = LaunchScreen;
				INFOPLIST_KEY_UIMainStoryboardFile = Main;
				INFOPLIST_KEY_UISupportedInterfaceOrientations_iPad = "UIInterfaceOrientationPortrait UIInterfaceOrientationPortraitUpsideDown UIInterfaceOrientationLandscapeLeft UIInterfaceOrientationLandscapeRight";
				INFOPLIST_KEY_UISupportedInterfaceOrientations_iPhone = "UIInterfaceOrientationPortrait UIInterfaceOrientationLandscapeLeft UIInterfaceOrientationLandscapeRight";
				LD_RUNPATH_SEARCH_PATHS = (
					"$(inherited)",
					"@executable_path/Frameworks",
				);
				MARKETING_VERSION = 1.0;
				PRODUCT_BUNDLE_IDENTIFIER = com.Troon.CalculatorApp;
				PRODUCT_NAME = "$(TARGET_NAME)";
				SWIFT_EMIT_LOC_STRINGS = YES;
				SWIFT_VERSION = 5.0;
				TARGETED_DEVICE_FAMILY = "1,2";
			};
			name = Debug;
		};
		22A4F04D2CEDE100008284ED /* Release */ = {
			isa = XCBuildConfiguration;
			buildSettings = {
				ASSETCATALOG_COMPILER_APPICON_NAME = AppIcon;
				ASSETCATALOG_COMPILER_GLOBAL_ACCENT_COLOR_NAME = AccentColor;
				CODE_SIGN_STYLE = Automatic;
				CURRENT_PROJECT_VERSION = 1;
				GENERATE_INFOPLIST_FILE = YES;
				INFOPLIST_FILE = CalculatorApp/Info.plist;
				INFOPLIST_KEY_UIApplicationSupportsIndirectInputEvents = YES;
				INFOPLIST_KEY_UILaunchStoryboardName = LaunchScreen;
				INFOPLIST_KEY_UIMainStoryboardFile = Main;
				INFOPLIST_KEY_UISupportedInterfaceOrientations_iPad = "UIInterfaceOrientationPortrait UIInterfaceOrientationPortraitUpsideDown UIInterfaceOrientationLandscapeLeft UIInterfaceOrientationLandscapeRight";
				INFOPLIST_KEY_UISupportedInterfaceOrientations_iPhone = "UIInterfaceOrientationPortrait UIInterfaceOrientationLandscapeLeft UIInterfaceOrientationLandscapeRight";
				LD_RUNPATH_SEARCH_PATHS = (
					"$(inherited)",
					"@executable_path/Frameworks",
				);
				MARKETING_VERSION = 1.0;
				PRODUCT_BUNDLE_IDENTIFIER = com.Troon.CalculatorApp;
				PRODUCT_NAME = "$(TARGET_NAME)";
				SWIFT_EMIT_LOC_STRINGS = YES;
				SWIFT_VERSION = 5.0;
				TARGETED_DEVICE_FAMILY = "1,2";
			};
			name = Release;
		};
/* End XCBuildConfiguration section */

/* Begin XCConfigurationList section */
		22A4F0322CEDE0F8008284ED /* Build configuration list for PBXProject "CalculatorApp" */ = {
			isa = XCConfigurationList;
			buildConfigurations = (
				22A4F0492CEDE100008284ED /* Debug */,
				22A4F04A2CEDE100008284ED /* Release */,
			);
			defaultConfigurationIsVisible = 0;
			defaultConfigurationName = Release;
		};
		22A4F04B2CEDE100008284ED /* Build configuration list for PBXNativeTarget "CalculatorApp" */ = {
			isa = XCConfigurationList;
			buildConfigurations = (
				22A4F04C2CEDE100008284ED /* Debug */,
				22A4F04D2CEDE100008284ED /* Release */,
			);
			defaultConfigurationIsVisible = 0;
			defaultConfigurationName = Release;
		};
/* End XCConfigurationList section */
	};
	rootObject = 22A4F02F2CEDE0F8008284ED /* Project object */;
}
